
Microsoft Visual Studio Solution File, Format Version 12.00
# Visual Studio Version 17
VisualStudioVersion = 17.0.32014.148
MinimumVisualStudioVersion = 10.0.40219.1
Project("{9A19103F-16F7-4668-BE54-9A1E7A4F7556}") = "PowerAccent", "PowerAccent\PowerAccent.csproj", "{8F823B66-7B84-4D2E-B9F8-06846DDC5951}"
EndProject
Project("{9A19103F-16F7-4668-BE54-9A1E7A4F7556}") = "PowerAccentCore", "PowerAccentCore\PowerAccentCore.csproj", "{0124DDDD-22C0-482C-B96A-92B8F9B25464}"
EndProject
Project("{2150E333-8FDC-42A3-9474-1A3956D46DE8}") = "Solution Items", "Solution Items", "{0A101495-C7E7-4A21-A6F1-8BD3A6204EFA}"
	ProjectSection(SolutionItems) = preProject
		.gitignore = .gitignore
		README.md = README.md
	EndProjectSection
EndProject
Global
	GlobalSection(SolutionConfigurationPlatforms) = preSolution
		Debug|Any CPU = Debug|Any CPU
		Release|Any CPU = Release|Any CPU
	EndGlobalSection
	GlobalSection(ProjectConfigurationPlatforms) = postSolution
		{8F823B66-7B84-4D2E-B9F8-06846DDC5951}.Debug|Any CPU.ActiveCfg = Debug|Any CPU
		{8F823B66-7B84-4D2E-B9F8-06846DDC5951}.Debug|Any CPU.Build.0 = Debug|Any CPU
		{8F823B66-7B84-4D2E-B9F8-06846DDC5951}.Release|Any CPU.ActiveCfg = Release|Any CPU
		{8F823B66-7B84-4D2E-B9F8-06846DDC5951}.Release|Any CPU.Build.0 = Release|Any CPU
		{0124DDDD-22C0-482C-B96A-92B8F9B25464}.Debug|Any CPU.ActiveCfg = Debug|Any CPU
		{0124DDDD-22C0-482C-B96A-92B8F9B25464}.Debug|Any CPU.Build.0 = Debug|Any CPU
		{0124DDDD-22C0-482C-B96A-92B8F9B25464}.Release|Any CPU.ActiveCfg = Release|Any CPU
		{0124DDDD-22C0-482C-B96A-92B8F9B25464}.Release|Any CPU.Build.0 = Release|Any CPU
	EndGlobalSection
	GlobalSection(SolutionProperties) = preSolution
		HideSolutionNode = FALSE
	EndGlobalSection
	GlobalSection(ExtensibilityGlobals) = postSolution
		SolutionGuid = {46E35B45-7B0B-4B86-BA3A-AF4B406CF608}
	EndGlobalSection
EndGlobal
