
Microsoft Visual Studio Solution File, Format Version 12.00
# Visual Studio Version 17
VisualStudioVersion = 17.0.32014.148
MinimumVisualStudioVersion = 10.0.40219.1
Project("{9A19103F-16F7-4668-BE54-9A1E7A4F7556}") = "PowerAccent.UI", "PowerAccent.UI\PowerAccent.UI.csproj", "{8F823B66-7B84-4D2E-B9F8-06846DDC5951}"
EndProject
Project("{9A19103F-16F7-4668-BE54-9A1E7A4F7556}") = "PowerAccent.Core", "PowerAccent.Core\PowerAccent.Core.csproj", "{0124DDDD-22C0-482C-B96A-92B8F9B25464}"
EndProject
Project("{2150E333-8FDC-42A3-9474-1A3956D46DE8}") = "Solution Items", "Solution Items", "{0A101495-C7E7-4A21-A6F1-8BD3A6204EFA}"
	ProjectSection(SolutionItems) = preProject
		.editorconfig = .editorconfig
		.gitignore = .gitignore
		.github\workflows\publish.yml = .github\workflows\publish.yml
		README.md = README.md
	EndProjectSection
EndProject
Project("{930C7802-8A8C-48F9-8165-68863BCCD9DD}") = "PowerAccent.Wix", "PowerAccent.Wix\PowerAccent.Wix.wixproj", "{0746A5C8-5935-4075-9C76-B8016E66EFF5}"
EndProject
Project("{930C7802-8A8C-48F9-8165-68863BCCD9DD}") = "PowerAccent.Wix.SelfContained", "PowerAccent.Wix.SelfContained\PowerAccent.Wix.SelfContained.wixproj", "{0C31F068-83E6-48ED-AB58-4E8EBFE51D9A}"
EndProject
Global
	GlobalSection(SolutionConfigurationPlatforms) = preSolution
		Debug|Any CPU = Debug|Any CPU
		Debug|ARM = Debug|ARM
		Debug|ARM64 = Debug|ARM64
		Debug|x64 = Debug|x64
		Debug|x86 = Debug|x86
		Release|Any CPU = Release|Any CPU
		Release|ARM = Release|ARM
		Release|ARM64 = Release|ARM64
		Release|x64 = Release|x64
		Release|x86 = Release|x86
	EndGlobalSection
	GlobalSection(ProjectConfigurationPlatforms) = postSolution
		{8F823B66-7B84-4D2E-B9F8-06846DDC5951}.Debug|Any CPU.ActiveCfg = Debug|Any CPU
		{8F823B66-7B84-4D2E-B9F8-06846DDC5951}.Debug|Any CPU.Build.0 = Debug|Any CPU
		{8F823B66-7B84-4D2E-B9F8-06846DDC5951}.Debug|ARM.ActiveCfg = Debug|Any CPU
		{8F823B66-7B84-4D2E-B9F8-06846DDC5951}.Debug|ARM.Build.0 = Debug|Any CPU
		{8F823B66-7B84-4D2E-B9F8-06846DDC5951}.Debug|ARM64.ActiveCfg = Debug|Any CPU
		{8F823B66-7B84-4D2E-B9F8-06846DDC5951}.Debug|ARM64.Build.0 = Debug|Any CPU
		{8F823B66-7B84-4D2E-B9F8-06846DDC5951}.Debug|x64.ActiveCfg = Debug|Any CPU
		{8F823B66-7B84-4D2E-B9F8-06846DDC5951}.Debug|x64.Build.0 = Debug|Any CPU
		{8F823B66-7B84-4D2E-B9F8-06846DDC5951}.Debug|x86.ActiveCfg = Debug|Any CPU
		{8F823B66-7B84-4D2E-B9F8-06846DDC5951}.Debug|x86.Build.0 = Debug|Any CPU
		{8F823B66-7B84-4D2E-B9F8-06846DDC5951}.Release|Any CPU.ActiveCfg = Release|Any CPU
		{8F823B66-7B84-4D2E-B9F8-06846DDC5951}.Release|Any CPU.Build.0 = Release|Any CPU
		{8F823B66-7B84-4D2E-B9F8-06846DDC5951}.Release|ARM.ActiveCfg = Release|Any CPU
		{8F823B66-7B84-4D2E-B9F8-06846DDC5951}.Release|ARM.Build.0 = Release|Any CPU
		{8F823B66-7B84-4D2E-B9F8-06846DDC5951}.Release|ARM64.ActiveCfg = Release|Any CPU
		{8F823B66-7B84-4D2E-B9F8-06846DDC5951}.Release|ARM64.Build.0 = Release|Any CPU
		{8F823B66-7B84-4D2E-B9F8-06846DDC5951}.Release|x64.ActiveCfg = Release|Any CPU
		{8F823B66-7B84-4D2E-B9F8-06846DDC5951}.Release|x64.Build.0 = Release|Any CPU
		{8F823B66-7B84-4D2E-B9F8-06846DDC5951}.Release|x86.ActiveCfg = Release|Any CPU
		{8F823B66-7B84-4D2E-B9F8-06846DDC5951}.Release|x86.Build.0 = Release|Any CPU
		{0124DDDD-22C0-482C-B96A-92B8F9B25464}.Debug|Any CPU.ActiveCfg = Debug|Any CPU
		{0124DDDD-22C0-482C-B96A-92B8F9B25464}.Debug|Any CPU.Build.0 = Debug|Any CPU
		{0124DDDD-22C0-482C-B96A-92B8F9B25464}.Debug|ARM.ActiveCfg = Debug|Any CPU
		{0124DDDD-22C0-482C-B96A-92B8F9B25464}.Debug|ARM.Build.0 = Debug|Any CPU
		{0124DDDD-22C0-482C-B96A-92B8F9B25464}.Debug|ARM64.ActiveCfg = Debug|Any CPU
		{0124DDDD-22C0-482C-B96A-92B8F9B25464}.Debug|ARM64.Build.0 = Debug|Any CPU
		{0124DDDD-22C0-482C-B96A-92B8F9B25464}.Debug|x64.ActiveCfg = Debug|Any CPU
		{0124DDDD-22C0-482C-B96A-92B8F9B25464}.Debug|x64.Build.0 = Debug|Any CPU
		{0124DDDD-22C0-482C-B96A-92B8F9B25464}.Debug|x86.ActiveCfg = Debug|Any CPU
		{0124DDDD-22C0-482C-B96A-92B8F9B25464}.Debug|x86.Build.0 = Debug|Any CPU
		{0124DDDD-22C0-482C-B96A-92B8F9B25464}.Release|Any CPU.ActiveCfg = Release|Any CPU
		{0124DDDD-22C0-482C-B96A-92B8F9B25464}.Release|Any CPU.Build.0 = Release|Any CPU
		{0124DDDD-22C0-482C-B96A-92B8F9B25464}.Release|ARM.ActiveCfg = Release|Any CPU
		{0124DDDD-22C0-482C-B96A-92B8F9B25464}.Release|ARM.Build.0 = Release|Any CPU
		{0124DDDD-22C0-482C-B96A-92B8F9B25464}.Release|ARM64.ActiveCfg = Release|Any CPU
		{0124DDDD-22C0-482C-B96A-92B8F9B25464}.Release|ARM64.Build.0 = Release|Any CPU
		{0124DDDD-22C0-482C-B96A-92B8F9B25464}.Release|x64.ActiveCfg = Release|Any CPU
		{0124DDDD-22C0-482C-B96A-92B8F9B25464}.Release|x64.Build.0 = Release|Any CPU
		{0124DDDD-22C0-482C-B96A-92B8F9B25464}.Release|x86.ActiveCfg = Release|Any CPU
		{0124DDDD-22C0-482C-B96A-92B8F9B25464}.Release|x86.Build.0 = Release|Any CPU
		{0746A5C8-5935-4075-9C76-B8016E66EFF5}.Debug|Any CPU.ActiveCfg = Debug|x86
		{0746A5C8-5935-4075-9C76-B8016E66EFF5}.Debug|Any CPU.Build.0 = Debug|x86
		{0746A5C8-5935-4075-9C76-B8016E66EFF5}.Debug|ARM.ActiveCfg = Debug|x86
		{0746A5C8-5935-4075-9C76-B8016E66EFF5}.Debug|ARM.Build.0 = Debug|x86
		{0746A5C8-5935-4075-9C76-B8016E66EFF5}.Debug|ARM64.ActiveCfg = Debug|x86
		{0746A5C8-5935-4075-9C76-B8016E66EFF5}.Debug|ARM64.Build.0 = Debug|x86
		{0746A5C8-5935-4075-9C76-B8016E66EFF5}.Debug|x64.ActiveCfg = Debug|x86
		{0746A5C8-5935-4075-9C76-B8016E66EFF5}.Debug|x64.Build.0 = Debug|x86
		{0746A5C8-5935-4075-9C76-B8016E66EFF5}.Debug|x86.ActiveCfg = Debug|x86
		{0746A5C8-5935-4075-9C76-B8016E66EFF5}.Debug|x86.Build.0 = Debug|x86
		{0746A5C8-5935-4075-9C76-B8016E66EFF5}.Release|Any CPU.ActiveCfg = Release|x86
		{0746A5C8-5935-4075-9C76-B8016E66EFF5}.Release|Any CPU.Build.0 = Release|x86
		{0746A5C8-5935-4075-9C76-B8016E66EFF5}.Release|ARM.ActiveCfg = Release|x86
		{0746A5C8-5935-4075-9C76-B8016E66EFF5}.Release|ARM.Build.0 = Release|x86
		{0746A5C8-5935-4075-9C76-B8016E66EFF5}.Release|ARM64.ActiveCfg = Release|x86
		{0746A5C8-5935-4075-9C76-B8016E66EFF5}.Release|ARM64.Build.0 = Release|x86
		{0746A5C8-5935-4075-9C76-B8016E66EFF5}.Release|x64.ActiveCfg = Release|x86
		{0746A5C8-5935-4075-9C76-B8016E66EFF5}.Release|x64.Build.0 = Release|x86
		{0746A5C8-5935-4075-9C76-B8016E66EFF5}.Release|x86.ActiveCfg = Release|x86
		{0746A5C8-5935-4075-9C76-B8016E66EFF5}.Release|x86.Build.0 = Release|x86
		{0C31F068-83E6-48ED-AB58-4E8EBFE51D9A}.Debug|Any CPU.ActiveCfg = Debug|x86
		{0C31F068-83E6-48ED-AB58-4E8EBFE51D9A}.Debug|Any CPU.Build.0 = Debug|x86
		{0C31F068-83E6-48ED-AB58-4E8EBFE51D9A}.Debug|ARM.ActiveCfg = Debug|x86
		{0C31F068-83E6-48ED-AB58-4E8EBFE51D9A}.Debug|ARM.Build.0 = Debug|x86
		{0C31F068-83E6-48ED-AB58-4E8EBFE51D9A}.Debug|ARM64.ActiveCfg = Debug|x86
		{0C31F068-83E6-48ED-AB58-4E8EBFE51D9A}.Debug|ARM64.Build.0 = Debug|x86
		{0C31F068-83E6-48ED-AB58-4E8EBFE51D9A}.Debug|x64.ActiveCfg = Debug|x86
		{0C31F068-83E6-48ED-AB58-4E8EBFE51D9A}.Debug|x64.Build.0 = Debug|x86
		{0C31F068-83E6-48ED-AB58-4E8EBFE51D9A}.Debug|x86.ActiveCfg = Debug|x86
		{0C31F068-83E6-48ED-AB58-4E8EBFE51D9A}.Debug|x86.Build.0 = Debug|x86
		{0C31F068-83E6-48ED-AB58-4E8EBFE51D9A}.Release|Any CPU.ActiveCfg = Release|x86
		{0C31F068-83E6-48ED-AB58-4E8EBFE51D9A}.Release|Any CPU.Build.0 = Release|x86
		{0C31F068-83E6-48ED-AB58-4E8EBFE51D9A}.Release|ARM.ActiveCfg = Release|x86
		{0C31F068-83E6-48ED-AB58-4E8EBFE51D9A}.Release|ARM.Build.0 = Release|x86
		{0C31F068-83E6-48ED-AB58-4E8EBFE51D9A}.Release|ARM64.ActiveCfg = Release|x86
		{0C31F068-83E6-48ED-AB58-4E8EBFE51D9A}.Release|ARM64.Build.0 = Release|x86
		{0C31F068-83E6-48ED-AB58-4E8EBFE51D9A}.Release|x64.ActiveCfg = Release|x86
		{0C31F068-83E6-48ED-AB58-4E8EBFE51D9A}.Release|x64.Build.0 = Release|x86
		{0C31F068-83E6-48ED-AB58-4E8EBFE51D9A}.Release|x86.ActiveCfg = Release|x86
		{0C31F068-83E6-48ED-AB58-4E8EBFE51D9A}.Release|x86.Build.0 = Release|x86
	EndGlobalSection
	GlobalSection(SolutionProperties) = preSolution
		HideSolutionNode = FALSE
	EndGlobalSection
	GlobalSection(ExtensibilityGlobals) = postSolution
		SolutionGuid = {46E35B45-7B0B-4B86-BA3A-AF4B406CF608}
	EndGlobalSection
EndGlobal
